# THIS IS AN AUTOGENERATED FILE. DO NOT EDIT THIS FILE DIRECTLY.
# yarn lockfile v1


"@tauri-apps/cli-darwin-arm64@2.8.4":
  version "2.8.4"
  resolved "https://registry.yarnpkg.com/@tauri-apps/cli-darwin-arm64/-/cli-darwin-arm64-2.8.4.tgz#ec09c0673dd1816e89910cf31ddc7d94c5cf077f"
  integrity sha512-BKu8HRkYV01SMTa7r4fLx+wjgtRK8Vep7lmBdHDioP6b8XH3q2KgsAyPWfEZaZIkZ2LY4SqqGARaE9oilNe0oA==

"@tauri-apps/cli-darwin-x64@2.8.4":
  version "2.8.4"
  resolved "https://registry.yarnpkg.com/@tauri-apps/cli-darwin-x64/-/cli-darwin-x64-2.8.4.tgz#b9c274fedce570da1910559add68657d264019db"
  integrity sha512-imb9PfSd/7G6VAO7v1bQ2A3ZH4NOCbhGJFLchxzepGcXf9NKkfun157JH9mko29K6sqAwuJ88qtzbKCbWJTH9g==

"@tauri-apps/cli-linux-arm-gnueabihf@2.8.4":
  version "2.8.4"
  resolved "https://registry.yarnpkg.com/@tauri-apps/cli-linux-arm-gnueabihf/-/cli-linux-arm-gnueabihf-2.8.4.tgz#657131a05f422b9141277f0668d370e8d671bdc0"
  integrity sha512-Ml215UnDdl7/fpOrF1CNovym/KjtUbCuPgrcZ4IhqUCnhZdXuphud/JT3E8X97Y03TZ40Sjz8raXYI2ET0exzw==

"@tauri-apps/cli-linux-arm64-gnu@2.8.4":
  version "2.8.4"
  resolved "https://registry.yarnpkg.com/@tauri-apps/cli-linux-arm64-gnu/-/cli-linux-arm64-gnu-2.8.4.tgz#35a14541e09b6548b811626d1a5d2574932116ef"
  integrity sha512-pbcgBpMyI90C83CxE5REZ9ODyIlmmAPkkJXtV398X3SgZEIYy5TACYqlyyv2z5yKgD8F8WH4/2fek7+jH+ZXAw==

"@tauri-apps/cli-linux-arm64-musl@2.8.4":
  version "2.8.4"
  resolved "https://registry.yarnpkg.com/@tauri-apps/cli-linux-arm64-musl/-/cli-linux-arm64-musl-2.8.4.tgz#bdd9deea17e0c2e4edf511a071c87670616af8a3"
  integrity sha512-zumFeaU1Ws5Ay872FTyIm7z8kfzEHu8NcIn8M6TxbJs0a7GRV21KBdpW1zNj2qy7HynnpQCqjAYXTUUmm9JAOw==

"@tauri-apps/cli-linux-riscv64-gnu@2.8.4":
  version "2.8.4"
  resolved "https://registry.yarnpkg.com/@tauri-apps/cli-linux-riscv64-gnu/-/cli-linux-riscv64-gnu-2.8.4.tgz#ac3c751ce5727fbd1da280f0aa2fb444fcd706b5"
  integrity sha512-qiqbB3Zz6IyO201f+1ojxLj65WYj8mixL5cOMo63nlg8CIzsP23cPYUrx1YaDPsCLszKZo7tVs14pc7BWf+/aQ==

"@tauri-apps/cli-linux-x64-gnu@2.8.4":
  version "2.8.4"
  resolved "https://registry.yarnpkg.com/@tauri-apps/cli-linux-x64-gnu/-/cli-linux-x64-gnu-2.8.4.tgz#7b2000b5e6597dc62f48cb67ee98f61b54493a19"
  integrity sha512-TaqaDd9Oy6k45Hotx3pOf+pkbsxLaApv4rGd9mLuRM1k6YS/aw81YrsMryYPThrxrScEIUcmNIHaHsLiU4GMkw==

"@tauri-apps/cli-linux-x64-musl@2.8.4":
  version "2.8.4"
  resolved "https://registry.yarnpkg.com/@tauri-apps/cli-linux-x64-musl/-/cli-linux-x64-musl-2.8.4.tgz#5dd9f6e666e004e00313d86a5d71480f7ac1269a"
  integrity sha512-ot9STAwyezN8w+bBHZ+bqSQIJ0qPZFlz/AyscpGqB/JnJQVDFQcRDmUPFEaAtt2UUHSWzN3GoTJ5ypqLBp2WQA==

"@tauri-apps/cli-win32-arm64-msvc@2.8.4":
  version "2.8.4"
  resolved "https://registry.yarnpkg.com/@tauri-apps/cli-win32-arm64-msvc/-/cli-win32-arm64-msvc-2.8.4.tgz#75eadbad9ae5726cc53139bbeae4c4a8fc4a92be"
  integrity sha512-+2aJ/g90dhLiOLFSD1PbElXX3SoMdpO7HFPAZB+xot3CWlAZD1tReUFy7xe0L5GAR16ZmrxpIDM9v9gn5xRy/w==

"@tauri-apps/cli-win32-ia32-msvc@2.8.4":
  version "2.8.4"
  resolved "https://registry.yarnpkg.com/@tauri-apps/cli-win32-ia32-msvc/-/cli-win32-ia32-msvc-2.8.4.tgz#60e6cdad4fb59d91a194652581742d08c952f0a7"
  integrity sha512-yj7WDxkL1t9Uzr2gufQ1Hl7hrHuFKTNEOyascbc109EoiAqCp0tgZ2IykQqOZmZOHU884UAWI1pVMqBhS/BfhA==

"@tauri-apps/cli-win32-x64-msvc@2.8.4":
  version "2.8.4"
  resolved "https://registry.yarnpkg.com/@tauri-apps/cli-win32-x64-msvc/-/cli-win32-x64-msvc-2.8.4.tgz#44461625197c531537ccba84b64c804a0d7228ae"
  integrity sha512-XuvGB4ehBdd7QhMZ9qbj/8icGEatDuBNxyYHbLKsTYh90ggUlPa/AtaqcC1Fo69lGkTmq9BOKrs1aWSi7xDonA==

"@tauri-apps/cli@^2":
  version "2.8.4"
  resolved "https://registry.yarnpkg.com/@tauri-apps/cli/-/cli-2.8.4.tgz#ff8347e43164f73922356c10ba5cdbaf567ffe98"
  integrity sha512-ejUZBzuQRcjFV+v/gdj/DcbyX/6T4unZQjMSBZwLzP/CymEjKcc2+Fc8xTORThebHDUvqoXMdsCZt8r+hyN15g==
  optionalDependencies:
    "@tauri-apps/cli-darwin-arm64" "2.8.4"
    "@tauri-apps/cli-darwin-x64" "2.8.4"
    "@tauri-apps/cli-linux-arm-gnueabihf" "2.8.4"
    "@tauri-apps/cli-linux-arm64-gnu" "2.8.4"
    "@tauri-apps/cli-linux-arm64-musl" "2.8.4"
    "@tauri-apps/cli-linux-riscv64-gnu" "2.8.4"
    "@tauri-apps/cli-linux-x64-gnu" "2.8.4"
    "@tauri-apps/cli-linux-x64-musl" "2.8.4"
    "@tauri-apps/cli-win32-arm64-msvc" "2.8.4"
    "@tauri-apps/cli-win32-ia32-msvc" "2.8.4"
    "@tauri-apps/cli-win32-x64-msvc" "2.8.4"
